
Microsoft Visual Studio Solution File, Format Version 12.00
# Visual Studio Version 17
VisualStudioVersion = 17.4.33213.308
MinimumVisualStudioVersion = 10.0.40219.1
Project("{FAE04EC0-301F-11D3-BF4B-00C04F79EFBC}") = "calculator", "calculator.csproj", "{9ED700DD-8B11-42F6-B0B0-17DBA4AE6E1F}"
EndProject
Global
	GlobalSection(SolutionConfigurationPlatforms) = preSolution
		Debug|Any CPU = Debug|Any CPU
		Release|Any CPU = Release|Any CPU
	EndGlobalSection
	GlobalSection(ProjectConfigurationPlatforms) = postSolution
		{9ED700DD-8B11-42F6-B0B0-17DBA4AE6E1F}.Debug|Any CPU.ActiveCfg = Debug|Any CPU
		{9ED700DD-8B11-42F6-B0B0-17DBA4AE6E1F}.Debug|Any CPU.Build.0 = Debug|Any CPU
		{9ED700DD-8B11-42F6-B0B0-17DBA4AE6E1F}.Release|Any CPU.ActiveCfg = Release|Any CPU
		{9ED700DD-8B11-42F6-B0B0-17DBA4AE6E1F}.Release|Any CPU.Build.0 = Release|Any CPU
	EndGlobalSection
	GlobalSection(SolutionProperties) = preSolution
		HideSolutionNode = FALSE
	EndGlobalSection
	GlobalSection(ExtensibilityGlobals) = postSolution
		SolutionGuid = {167DAD4B-6863-4929-8F13-48F6849F6F38}
	EndGlobalSection
EndGlobal
